
Microsoft Visual Studio Solution File, Format Version 12.00
# Visual Studio 15
VisualStudioVersion = 15.0.28307.852
MinimumVisualStudioVersion = 10.0.40219.1
Project("{FAE04EC0-301F-11D3-BF4B-00C04F79EFBC}") = "CardOrganizer", "CardOrganizer\CardOrganizer.csproj", "{08C64C42-DF21-4EBF-B934-D6AA3F336593}"
EndProject
Global
	GlobalSection(SolutionConfigurationPlatforms) = preSolution
		Debug|Any CPU = Debug|Any CPU
		Release|Any CPU = Release|Any CPU
	EndGlobalSection
	GlobalSection(ProjectConfigurationPlatforms) = postSolution
		{08C64C42-DF21-4EBF-B934-D6AA3F336593}.Debug|Any CPU.ActiveCfg = Debug|Any CPU
		{08C64C42-DF21-4EBF-B934-D6AA3F336593}.Debug|Any CPU.Build.0 = Debug|Any CPU
		{08C64C42-DF21-4EBF-B934-D6AA3F336593}.Release|Any CPU.ActiveCfg = Release|Any CPU
		{08C64C42-DF21-4EBF-B934-D6AA3F336593}.Release|Any CPU.Build.0 = Release|Any CPU
	EndGlobalSection
	GlobalSection(SolutionProperties) = preSolution
		HideSolutionNode = FALSE
	EndGlobalSection
	GlobalSection(ExtensibilityGlobals) = postSolution
		SolutionGuid = {3A17C28C-485D-49FF-AE16-076080668784}
	EndGlobalSection
EndGlobal
